
Microsoft Visual Studio Solution File, Format Version 12.00
# Visual Studio Version 17
VisualStudioVersion = 17.9.34701.34
MinimumVisualStudioVersion = 10.0.40219.1
Project("{9A19103F-16F7-4668-BE54-9A1E7A4F7556}") = "Demo.Service", "Demo.Service\Demo.Service.csproj", "{4F5EB747-0293-41D0-860D-6917D898ADE9}"
EndProject
Project("{2150E333-8FDC-42A3-9474-1A3956D46DE8}") = "Service", "Service", "{114B811D-20F3-4228-BDFD-ED98283C9F38}"
EndProject
Project("{9A19103F-16F7-4668-BE54-9A1E7A4F7556}") = "Demo.Contracts", "Demo.Contracts\Demo.Contracts.csproj", "{46B41A2B-6099-4DE2-85D2-59DB1467CB69}"
EndProject
Project("{2150E333-8FDC-42A3-9474-1A3956D46DE8}") = "Solution Items", "Solution Items", "{B9A2D6F8-D608-4C0B-B24C-C1F3A20D1EC2}"
	ProjectSection(SolutionItems) = preProject
		.editorconfig = .editorconfig
	EndProjectSection
EndProject
Project("{2150E333-8FDC-42A3-9474-1A3956D46DE8}") = "Domain", "Domain", "{FBAAFE28-E5FA-4F6B-BD05-4895786EF571}"
EndProject
Project("{9A19103F-16F7-4668-BE54-9A1E7A4F7556}") = "Demo.Logic", "Demo.Logic\Demo.Logic.csproj", "{19EC4AD8-2A0C-4D82-9750-F64A2511C535}"
EndProject
Project("{2150E333-8FDC-42A3-9474-1A3956D46DE8}") = "Common", "Common", "{F5CEEA60-9F9B-40EC-8914-78066B1709E9}"
EndProject
Project("{FAE04EC0-301F-11D3-BF4B-00C04F79EFBC}") = "Demo.DataAccess", "Demo.DataAccess\Demo.DataAccess.csproj", "{D81CD2AC-C215-4D2E-890F-BE30BD898C19}"
EndProject
Project("{9A19103F-16F7-4668-BE54-9A1E7A4F7556}") = "Demo.Service.Client", "Demo.Service.Client\Demo.Service.Client.csproj", "{8BAF2D15-C07C-4424-9E4C-EFBB4BAEE7D2}"
EndProject
Global
	GlobalSection(SolutionConfigurationPlatforms) = preSolution
		Debug|Any CPU = Debug|Any CPU
		Release|Any CPU = Release|Any CPU
	EndGlobalSection
	GlobalSection(ProjectConfigurationPlatforms) = postSolution
		{4F5EB747-0293-41D0-860D-6917D898ADE9}.Debug|Any CPU.ActiveCfg = Debug|Any CPU
		{4F5EB747-0293-41D0-860D-6917D898ADE9}.Debug|Any CPU.Build.0 = Debug|Any CPU
		{4F5EB747-0293-41D0-860D-6917D898ADE9}.Release|Any CPU.ActiveCfg = Release|Any CPU
		{4F5EB747-0293-41D0-860D-6917D898ADE9}.Release|Any CPU.Build.0 = Release|Any CPU
		{46B41A2B-6099-4DE2-85D2-59DB1467CB69}.Debug|Any CPU.ActiveCfg = Debug|Any CPU
		{46B41A2B-6099-4DE2-85D2-59DB1467CB69}.Debug|Any CPU.Build.0 = Debug|Any CPU
		{46B41A2B-6099-4DE2-85D2-59DB1467CB69}.Release|Any CPU.ActiveCfg = Release|Any CPU
		{46B41A2B-6099-4DE2-85D2-59DB1467CB69}.Release|Any CPU.Build.0 = Release|Any CPU
		{19EC4AD8-2A0C-4D82-9750-F64A2511C535}.Debug|Any CPU.ActiveCfg = Debug|Any CPU
		{19EC4AD8-2A0C-4D82-9750-F64A2511C535}.Debug|Any CPU.Build.0 = Debug|Any CPU
		{19EC4AD8-2A0C-4D82-9750-F64A2511C535}.Release|Any CPU.ActiveCfg = Release|Any CPU
		{19EC4AD8-2A0C-4D82-9750-F64A2511C535}.Release|Any CPU.Build.0 = Release|Any CPU
		{D81CD2AC-C215-4D2E-890F-BE30BD898C19}.Debug|Any CPU.ActiveCfg = Debug|Any CPU
		{D81CD2AC-C215-4D2E-890F-BE30BD898C19}.Debug|Any CPU.Build.0 = Debug|Any CPU
		{D81CD2AC-C215-4D2E-890F-BE30BD898C19}.Release|Any CPU.ActiveCfg = Release|Any CPU
		{D81CD2AC-C215-4D2E-890F-BE30BD898C19}.Release|Any CPU.Build.0 = Release|Any CPU
		{8BAF2D15-C07C-4424-9E4C-EFBB4BAEE7D2}.Debug|Any CPU.ActiveCfg = Debug|Any CPU
		{8BAF2D15-C07C-4424-9E4C-EFBB4BAEE7D2}.Debug|Any CPU.Build.0 = Debug|Any CPU
		{8BAF2D15-C07C-4424-9E4C-EFBB4BAEE7D2}.Release|Any CPU.ActiveCfg = Release|Any CPU
		{8BAF2D15-C07C-4424-9E4C-EFBB4BAEE7D2}.Release|Any CPU.Build.0 = Release|Any CPU
	EndGlobalSection
	GlobalSection(SolutionProperties) = preSolution
		HideSolutionNode = FALSE
	EndGlobalSection
	GlobalSection(NestedProjects) = preSolution
		{4F5EB747-0293-41D0-860D-6917D898ADE9} = {114B811D-20F3-4228-BDFD-ED98283C9F38}
		{46B41A2B-6099-4DE2-85D2-59DB1467CB69} = {114B811D-20F3-4228-BDFD-ED98283C9F38}
		{19EC4AD8-2A0C-4D82-9750-F64A2511C535} = {FBAAFE28-E5FA-4F6B-BD05-4895786EF571}
		{D81CD2AC-C215-4D2E-890F-BE30BD898C19} = {F5CEEA60-9F9B-40EC-8914-78066B1709E9}
		{8BAF2D15-C07C-4424-9E4C-EFBB4BAEE7D2} = {114B811D-20F3-4228-BDFD-ED98283C9F38}
	EndGlobalSection
	GlobalSection(ExtensibilityGlobals) = postSolution
		SolutionGuid = {5E327B35-0A18-4159-9FE3-F0347BB74E4A}
	EndGlobalSection
EndGlobal
